
Microsoft Visual Studio Solution File, Format Version 12.00
# Visual Studio Version 17
VisualStudioVersion = 17.3.32929.385
MinimumVisualStudioVersion = 10.0.40219.1
Project("{8BC9CEB8-8B4A-11D0-8D11-00A0C91BC942}") = "CMP502 - 2200518 - Yuvraj Tilotia - Shark Aquarium", "CMP502 - 2200518 - Yuvraj Tilotia - Shark Aquarium.vcxproj", "{2E339DB7-4E20-4601-9F86-B1CBD1D0F639}"
EndProject
Global
	GlobalSection(SolutionConfigurationPlatforms) = preSolution
		Debug|x64 = Debug|x64
		Release|x64 = Release|x64
	EndGlobalSection
	GlobalSection(ProjectConfigurationPlatforms) = postSolution
		{2E339DB7-4E20-4601-9F86-B1CBD1D0F639}.Debug|x64.ActiveCfg = Debug|x64
		{2E339DB7-4E20-4601-9F86-B1CBD1D0F639}.Debug|x64.Build.0 = Debug|x64
		{2E339DB7-4E20-4601-9F86-B1CBD1D0F639}.Release|x64.ActiveCfg = Release|x64
		{2E339DB7-4E20-4601-9F86-B1CBD1D0F639}.Release|x64.Build.0 = Release|x64
	EndGlobalSection
	GlobalSection(SolutionProperties) = preSolution
		HideSolutionNode = FALSE
	EndGlobalSection
	GlobalSection(ExtensibilityGlobals) = postSolution
		SolutionGuid = {BAE823DC-E427-4224-BAC2-50984E07B711}
	EndGlobalSection
EndGlobal
